
Microsoft Visual Studio Solution File, Format Version 12.00
# Visual Studio 14
VisualStudioVersion = 14.0.24720.0
MinimumVisualStudioVersion = 10.0.40219.1
Project("{9092AA53-FB77-4645-B42D-1CCCA6BD08BD}") = "FakeXrmEasy.Js.2016", "FakeXrmEasy.Js.2016\FakeXrmEasy.Js.2016\FakeXrmEasy.Js.2016.njsproj", "{DE96AB1D-01E4-47D5-8A92-F091B9130C75}"
EndProject
Project("{9092AA53-FB77-4645-B42D-1CCCA6BD08BD}") = "FakeXrmEasy.Js", "FakeXrmEasy.Js\FakeXrmEasy.Js.njsproj", "{B4C904A8-DA48-4B2E-9A9F-E3A310868CA9}"
EndProject
Project("{9092AA53-FB77-4645-B42D-1CCCA6BD08BD}") = "FakeXrmEasy.Js.2013", "FakeXrmEasy.Js.2013\FakeXrmEasy.Js.2013.njsproj", "{C90B855B-989F-4FA1-82A9-95F107143D33}"
EndProject
Project("{9092AA53-FB77-4645-B42D-1CCCA6BD08BD}") = "FakeXrmEasy.Js.2015", "FakeXrmEasy.Js.2015\FakeXrmEasy.Js.2015.njsproj", "{C8FD04B7-F8F7-4D6B-A73E-8372DD50F93E}"
EndProject
Global
	GlobalSection(SolutionConfigurationPlatforms) = preSolution
		Debug|Any CPU = Debug|Any CPU
		Release|Any CPU = Release|Any CPU
	EndGlobalSection
	GlobalSection(ProjectConfigurationPlatforms) = postSolution
		{DE96AB1D-01E4-47D5-8A92-F091B9130C75}.Debug|Any CPU.ActiveCfg = Debug|Any CPU
		{DE96AB1D-01E4-47D5-8A92-F091B9130C75}.Debug|Any CPU.Build.0 = Debug|Any CPU
		{DE96AB1D-01E4-47D5-8A92-F091B9130C75}.Release|Any CPU.ActiveCfg = Release|Any CPU
		{DE96AB1D-01E4-47D5-8A92-F091B9130C75}.Release|Any CPU.Build.0 = Release|Any CPU
		{B4C904A8-DA48-4B2E-9A9F-E3A310868CA9}.Debug|Any CPU.ActiveCfg = Debug|Any CPU
		{B4C904A8-DA48-4B2E-9A9F-E3A310868CA9}.Debug|Any CPU.Build.0 = Debug|Any CPU
		{B4C904A8-DA48-4B2E-9A9F-E3A310868CA9}.Release|Any CPU.ActiveCfg = Release|Any CPU
		{B4C904A8-DA48-4B2E-9A9F-E3A310868CA9}.Release|Any CPU.Build.0 = Release|Any CPU
		{C90B855B-989F-4FA1-82A9-95F107143D33}.Debug|Any CPU.ActiveCfg = Debug|Any CPU
		{C90B855B-989F-4FA1-82A9-95F107143D33}.Debug|Any CPU.Build.0 = Debug|Any CPU
		{C90B855B-989F-4FA1-82A9-95F107143D33}.Release|Any CPU.ActiveCfg = Release|Any CPU
		{C90B855B-989F-4FA1-82A9-95F107143D33}.Release|Any CPU.Build.0 = Release|Any CPU
		{C8FD04B7-F8F7-4D6B-A73E-8372DD50F93E}.Debug|Any CPU.ActiveCfg = Debug|Any CPU
		{C8FD04B7-F8F7-4D6B-A73E-8372DD50F93E}.Debug|Any CPU.Build.0 = Debug|Any CPU
		{C8FD04B7-F8F7-4D6B-A73E-8372DD50F93E}.Release|Any CPU.ActiveCfg = Release|Any CPU
		{C8FD04B7-F8F7-4D6B-A73E-8372DD50F93E}.Release|Any CPU.Build.0 = Release|Any CPU
	EndGlobalSection
	GlobalSection(SolutionProperties) = preSolution
		HideSolutionNode = FALSE
	EndGlobalSection
EndGlobal
