
Microsoft Visual Studio Solution File, Format Version 12.00
# Visual Studio 15
VisualStudioVersion = 15.0.26430.6
MinimumVisualStudioVersion = 10.0.40219.1
Project("{9092AA53-FB77-4645-B42D-1CCCA6BD08BD}") = "FakeXrmEasy.Js.2016", "FakeXrmEasy.Js.2016\FakeXrmEasy.Js.2016\FakeXrmEasy.Js.2016.njsproj", "{DE96AB1D-01E4-47D5-8A92-F091B9130C75}"
EndProject
Project("{9092AA53-FB77-4645-B42D-1CCCA6BD08BD}") = "FakeXrmEasy.Js", "FakeXrmEasy.Js\FakeXrmEasy.Js.njsproj", "{B4C904A8-DA48-4B2E-9A9F-E3A310868CA9}"
EndProject
Project("{9092AA53-FB77-4645-B42D-1CCCA6BD08BD}") = "FakeXrmEasy.Js.2013", "FakeXrmEasy.Js.2013\FakeXrmEasy.Js.2013.njsproj", "{C90B855B-989F-4FA1-82A9-95F107143D33}"
EndProject
Project("{9092AA53-FB77-4645-B42D-1CCCA6BD08BD}") = "FakeXrmEasy.Js.2015", "FakeXrmEasy.Js.2015\FakeXrmEasy.Js.2015.njsproj", "{C8FD04B7-F8F7-4D6B-A73E-8372DD50F93E}"
EndProject
Project("{FAE04EC0-301F-11D3-BF4B-00C04F79EFBC}") = "WebResources", "WebResources\WebResources.csproj", "{68670149-40FE-4EA9-A624-572B2C595F69}"
EndProject
Project("{FAE04EC0-301F-11D3-BF4B-00C04F79EFBC}") = "EdgeProxy", "EdgeProxy\EdgeProxy.csproj", "{295593E8-C5FF-43FE-9A2F-B7F39D7CF61D}"
EndProject
Project("{2150E333-8FDC-42A3-9474-1A3956D46DE8}") = "Solution Items", "Solution Items", "{5F94EA5E-7F26-4776-BCD9-311C79281756}"
	ProjectSection(SolutionItems) = preProject
		README.md = README.md
	EndProjectSection
EndProject
Project("{9092AA53-FB77-4645-B42D-1CCCA6BD08BD}") = "TestNpm", "TestNpm\TestNpm.njsproj", "{15BAA3DF-064F-42DF-A190-99E8204080E7}"
EndProject
Project("{D954291E-2A0B-460D-934E-DC6B0785DB48}") = "FakeXrmEasy.EdgeProxy.Shared", "FakeXrmEasy.EdgeProxy.Shared\FakeXrmEasy.EdgeProxy.Shared.shproj", "{09282DB6-5B2E-4E03-B36D-2BE96A2A2FC2}"
EndProject
Project("{FAE04EC0-301F-11D3-BF4B-00C04F79EFBC}") = "FakeXrmEasy.EdgeProxy.v2011", "FakeXrmEasy.EdgeProxy.v2011\FakeXrmEasy.EdgeProxy.v2011.csproj", "{95EDF6FA-C930-4CFA-9AC3-510AC337CEC1}"
EndProject
Project("{FAE04EC0-301F-11D3-BF4B-00C04F79EFBC}") = "FakeXrmEasy.EdgeProxy.v9", "FakeXrmEasy.EdgeProxy.v9\FakeXrmEasy.EdgeProxy.v9.csproj", "{89B0B9E8-9A4C-4450-A23C-D5F91C8D0E07}"
EndProject
Project("{FAE04EC0-301F-11D3-BF4B-00C04F79EFBC}") = "FakeXrmEasy.EdgeProxy.v365", "FakeXrmEasy.EdgeProxy.v365\FakeXrmEasy.EdgeProxy.v365.csproj", "{1502BDDF-0D91-41E6-80E0-8E96FA7F391E}"
EndProject
Project("{FAE04EC0-301F-11D3-BF4B-00C04F79EFBC}") = "FakeXrmEasy.EdgeProxy.v2016", "FakeXrmEasy.EdgeProxy.v2016\FakeXrmEasy.EdgeProxy.v2016.csproj", "{220DB8FE-0E80-4E4C-A0BC-4CDB09F6DC84}"
EndProject
Project("{FAE04EC0-301F-11D3-BF4B-00C04F79EFBC}") = "FakeXrmEasy.EdgeProxy.v2015", "FakeXrmEasy.EdgeProxy.v2015\FakeXrmEasy.EdgeProxy.v2015.csproj", "{03DC7738-A7BE-425F-8F45-39194E36FBA3}"
EndProject
Project("{FAE04EC0-301F-11D3-BF4B-00C04F79EFBC}") = "FakeXrmEasy.EdgeProxy.v2013", "FakeXrmEasy.EdgeProxy.v2013\FakeXrmEasy.EdgeProxy.v2013.csproj", "{AEC468D0-4327-465D-B512-42FE5B14D47B}"
EndProject
Project("{FAE04EC0-301F-11D3-BF4B-00C04F79EFBC}") = "FakeXrmEasy.EdgeProxy.v2011.Tests", "FakeXrmEasy.EdgeProxy.v2011.Tests\FakeXrmEasy.EdgeProxy.v2011.Tests.csproj", "{47441263-32E5-40ED-8931-C6C2D70F776A}"
EndProject
Project("{D954291E-2A0B-460D-934E-DC6B0785DB48}") = "FakeXrmEasy.EdgeProxy.Shared.Tests", "FakeXrmEasy.EdgeProxy.Shared.Tests\FakeXrmEasy.EdgeProxy.Shared.Tests.shproj", "{311DDB82-3ED4-4287-BC86-760D4E7DB7C3}"
EndProject
Project("{FAE04EC0-301F-11D3-BF4B-00C04F79EFBC}") = "FakeXrmEasy.EdgeProxy.v2013.Tests", "FakeXrmEasy.EdgeProxy.v2013.Tests\FakeXrmEasy.EdgeProxy.v2013.Tests.csproj", "{AF99FC0B-6738-4301-9C6B-9448FCE50D9D}"
EndProject
Project("{FAE04EC0-301F-11D3-BF4B-00C04F79EFBC}") = "FakeXrmEasy.EdgeProxy.v9.Tests", "FakeXrmEasy.EdgeProxy.v9.Tests\FakeXrmEasy.EdgeProxy.v9.Tests.csproj", "{2E2C1D47-9BFE-4EB4-82FA-BD2CFA03D26F}"
EndProject
Global
	GlobalSection(SharedMSBuildProjectFiles) = preSolution
		FakeXrmEasy.EdgeProxy.Shared\FakeXrmEasy.EdgeProxy.Shared.projitems*{03dc7738-a7be-425f-8f45-39194e36fba3}*SharedItemsImports = 4
		FakeXrmEasy.EdgeProxy.Shared\FakeXrmEasy.EdgeProxy.Shared.projitems*{09282db6-5b2e-4e03-b36d-2be96a2a2fc2}*SharedItemsImports = 13
		FakeXrmEasy.EdgeProxy.Shared\FakeXrmEasy.EdgeProxy.Shared.projitems*{220db8fe-0e80-4e4c-a0bc-4cdb09f6dc84}*SharedItemsImports = 4
		FakeXrmEasy.EdgeProxy.Shared.Tests\FakeXrmEasy.EdgeProxy.Shared.Tests.projitems*{2e2c1d47-9bfe-4eb4-82fa-bd2cfa03d26f}*SharedItemsImports = 4
		FakeXrmEasy.EdgeProxy.Shared.Tests\FakeXrmEasy.EdgeProxy.Shared.Tests.projitems*{311ddb82-3ed4-4287-bc86-760d4e7db7c3}*SharedItemsImports = 13
		FakeXrmEasy.EdgeProxy.Shared.Tests\FakeXrmEasy.EdgeProxy.Shared.Tests.projitems*{47441263-32e5-40ed-8931-c6c2d70f776a}*SharedItemsImports = 4
		FakeXrmEasy.EdgeProxy.Shared\FakeXrmEasy.EdgeProxy.Shared.projitems*{89b0b9e8-9a4c-4450-a23c-d5f91c8d0e07}*SharedItemsImports = 4
		FakeXrmEasy.EdgeProxy.Shared\FakeXrmEasy.EdgeProxy.Shared.projitems*{95edf6fa-c930-4cfa-9ac3-510ac337cec1}*SharedItemsImports = 4
		FakeXrmEasy.EdgeProxy.Shared\FakeXrmEasy.EdgeProxy.Shared.projitems*{aec468d0-4327-465d-b512-42fe5b14d47b}*SharedItemsImports = 4
		FakeXrmEasy.EdgeProxy.Shared.Tests\FakeXrmEasy.EdgeProxy.Shared.Tests.projitems*{af99fc0b-6738-4301-9c6b-9448fce50d9d}*SharedItemsImports = 4
	EndGlobalSection
	GlobalSection(SolutionConfigurationPlatforms) = preSolution
		Debug|Any CPU = Debug|Any CPU
		Release|Any CPU = Release|Any CPU
	EndGlobalSection
	GlobalSection(ProjectConfigurationPlatforms) = postSolution
		{DE96AB1D-01E4-47D5-8A92-F091B9130C75}.Debug|Any CPU.ActiveCfg = Debug|Any CPU
		{DE96AB1D-01E4-47D5-8A92-F091B9130C75}.Debug|Any CPU.Build.0 = Debug|Any CPU
		{DE96AB1D-01E4-47D5-8A92-F091B9130C75}.Release|Any CPU.ActiveCfg = Release|Any CPU
		{DE96AB1D-01E4-47D5-8A92-F091B9130C75}.Release|Any CPU.Build.0 = Release|Any CPU
		{B4C904A8-DA48-4B2E-9A9F-E3A310868CA9}.Debug|Any CPU.ActiveCfg = Debug|Any CPU
		{B4C904A8-DA48-4B2E-9A9F-E3A310868CA9}.Debug|Any CPU.Build.0 = Debug|Any CPU
		{B4C904A8-DA48-4B2E-9A9F-E3A310868CA9}.Release|Any CPU.ActiveCfg = Release|Any CPU
		{B4C904A8-DA48-4B2E-9A9F-E3A310868CA9}.Release|Any CPU.Build.0 = Release|Any CPU
		{C90B855B-989F-4FA1-82A9-95F107143D33}.Debug|Any CPU.ActiveCfg = Debug|Any CPU
		{C90B855B-989F-4FA1-82A9-95F107143D33}.Debug|Any CPU.Build.0 = Debug|Any CPU
		{C90B855B-989F-4FA1-82A9-95F107143D33}.Release|Any CPU.ActiveCfg = Release|Any CPU
		{C90B855B-989F-4FA1-82A9-95F107143D33}.Release|Any CPU.Build.0 = Release|Any CPU
		{C8FD04B7-F8F7-4D6B-A73E-8372DD50F93E}.Debug|Any CPU.ActiveCfg = Debug|Any CPU
		{C8FD04B7-F8F7-4D6B-A73E-8372DD50F93E}.Debug|Any CPU.Build.0 = Debug|Any CPU
		{C8FD04B7-F8F7-4D6B-A73E-8372DD50F93E}.Release|Any CPU.ActiveCfg = Release|Any CPU
		{C8FD04B7-F8F7-4D6B-A73E-8372DD50F93E}.Release|Any CPU.Build.0 = Release|Any CPU
		{68670149-40FE-4EA9-A624-572B2C595F69}.Debug|Any CPU.ActiveCfg = Debug|Any CPU
		{68670149-40FE-4EA9-A624-572B2C595F69}.Debug|Any CPU.Build.0 = Debug|Any CPU
		{68670149-40FE-4EA9-A624-572B2C595F69}.Release|Any CPU.ActiveCfg = Release|Any CPU
		{68670149-40FE-4EA9-A624-572B2C595F69}.Release|Any CPU.Build.0 = Release|Any CPU
		{295593E8-C5FF-43FE-9A2F-B7F39D7CF61D}.Debug|Any CPU.ActiveCfg = Debug|Any CPU
		{295593E8-C5FF-43FE-9A2F-B7F39D7CF61D}.Debug|Any CPU.Build.0 = Debug|Any CPU
		{295593E8-C5FF-43FE-9A2F-B7F39D7CF61D}.Release|Any CPU.ActiveCfg = Release|Any CPU
		{295593E8-C5FF-43FE-9A2F-B7F39D7CF61D}.Release|Any CPU.Build.0 = Release|Any CPU
		{15BAA3DF-064F-42DF-A190-99E8204080E7}.Debug|Any CPU.ActiveCfg = Debug|Any CPU
		{15BAA3DF-064F-42DF-A190-99E8204080E7}.Debug|Any CPU.Build.0 = Debug|Any CPU
		{15BAA3DF-064F-42DF-A190-99E8204080E7}.Release|Any CPU.ActiveCfg = Release|Any CPU
		{15BAA3DF-064F-42DF-A190-99E8204080E7}.Release|Any CPU.Build.0 = Release|Any CPU
		{95EDF6FA-C930-4CFA-9AC3-510AC337CEC1}.Debug|Any CPU.ActiveCfg = Debug|Any CPU
		{95EDF6FA-C930-4CFA-9AC3-510AC337CEC1}.Debug|Any CPU.Build.0 = Debug|Any CPU
		{95EDF6FA-C930-4CFA-9AC3-510AC337CEC1}.Release|Any CPU.ActiveCfg = Release|Any CPU
		{95EDF6FA-C930-4CFA-9AC3-510AC337CEC1}.Release|Any CPU.Build.0 = Release|Any CPU
		{89B0B9E8-9A4C-4450-A23C-D5F91C8D0E07}.Debug|Any CPU.ActiveCfg = Debug|Any CPU
		{89B0B9E8-9A4C-4450-A23C-D5F91C8D0E07}.Debug|Any CPU.Build.0 = Debug|Any CPU
		{89B0B9E8-9A4C-4450-A23C-D5F91C8D0E07}.Release|Any CPU.ActiveCfg = Release|Any CPU
		{89B0B9E8-9A4C-4450-A23C-D5F91C8D0E07}.Release|Any CPU.Build.0 = Release|Any CPU
		{1502BDDF-0D91-41E6-80E0-8E96FA7F391E}.Debug|Any CPU.ActiveCfg = Debug|Any CPU
		{1502BDDF-0D91-41E6-80E0-8E96FA7F391E}.Debug|Any CPU.Build.0 = Debug|Any CPU
		{1502BDDF-0D91-41E6-80E0-8E96FA7F391E}.Release|Any CPU.ActiveCfg = Release|Any CPU
		{1502BDDF-0D91-41E6-80E0-8E96FA7F391E}.Release|Any CPU.Build.0 = Release|Any CPU
		{220DB8FE-0E80-4E4C-A0BC-4CDB09F6DC84}.Debug|Any CPU.ActiveCfg = Debug|Any CPU
		{220DB8FE-0E80-4E4C-A0BC-4CDB09F6DC84}.Debug|Any CPU.Build.0 = Debug|Any CPU
		{220DB8FE-0E80-4E4C-A0BC-4CDB09F6DC84}.Release|Any CPU.ActiveCfg = Release|Any CPU
		{220DB8FE-0E80-4E4C-A0BC-4CDB09F6DC84}.Release|Any CPU.Build.0 = Release|Any CPU
		{03DC7738-A7BE-425F-8F45-39194E36FBA3}.Debug|Any CPU.ActiveCfg = Debug|Any CPU
		{03DC7738-A7BE-425F-8F45-39194E36FBA3}.Debug|Any CPU.Build.0 = Debug|Any CPU
		{03DC7738-A7BE-425F-8F45-39194E36FBA3}.Release|Any CPU.ActiveCfg = Release|Any CPU
		{03DC7738-A7BE-425F-8F45-39194E36FBA3}.Release|Any CPU.Build.0 = Release|Any CPU
		{AEC468D0-4327-465D-B512-42FE5B14D47B}.Debug|Any CPU.ActiveCfg = Debug|Any CPU
		{AEC468D0-4327-465D-B512-42FE5B14D47B}.Debug|Any CPU.Build.0 = Debug|Any CPU
		{AEC468D0-4327-465D-B512-42FE5B14D47B}.Release|Any CPU.ActiveCfg = Release|Any CPU
		{AEC468D0-4327-465D-B512-42FE5B14D47B}.Release|Any CPU.Build.0 = Release|Any CPU
		{47441263-32E5-40ED-8931-C6C2D70F776A}.Debug|Any CPU.ActiveCfg = Debug|Any CPU
		{47441263-32E5-40ED-8931-C6C2D70F776A}.Debug|Any CPU.Build.0 = Debug|Any CPU
		{47441263-32E5-40ED-8931-C6C2D70F776A}.Release|Any CPU.ActiveCfg = Release|Any CPU
		{47441263-32E5-40ED-8931-C6C2D70F776A}.Release|Any CPU.Build.0 = Release|Any CPU
		{AF99FC0B-6738-4301-9C6B-9448FCE50D9D}.Debug|Any CPU.ActiveCfg = Debug|Any CPU
		{AF99FC0B-6738-4301-9C6B-9448FCE50D9D}.Debug|Any CPU.Build.0 = Debug|Any CPU
		{AF99FC0B-6738-4301-9C6B-9448FCE50D9D}.Release|Any CPU.ActiveCfg = Release|Any CPU
		{AF99FC0B-6738-4301-9C6B-9448FCE50D9D}.Release|Any CPU.Build.0 = Release|Any CPU
		{2E2C1D47-9BFE-4EB4-82FA-BD2CFA03D26F}.Debug|Any CPU.ActiveCfg = Debug|Any CPU
		{2E2C1D47-9BFE-4EB4-82FA-BD2CFA03D26F}.Debug|Any CPU.Build.0 = Debug|Any CPU
		{2E2C1D47-9BFE-4EB4-82FA-BD2CFA03D26F}.Release|Any CPU.ActiveCfg = Release|Any CPU
		{2E2C1D47-9BFE-4EB4-82FA-BD2CFA03D26F}.Release|Any CPU.Build.0 = Release|Any CPU
	EndGlobalSection
	GlobalSection(SolutionProperties) = preSolution
		HideSolutionNode = FALSE
	EndGlobalSection
EndGlobal
