
Microsoft Visual Studio Solution File, Format Version 12.00
# Visual Studio 14
VisualStudioVersion = 14.0.25123.0
MinimumVisualStudioVersion = 10.0.40219.1
Project("{9092AA53-FB77-4645-B42D-1CCCA6BD08BD}") = "FakeXrmEasy.Js.2016", "FakeXrmEasy.Js.2016\FakeXrmEasy.Js.2016\FakeXrmEasy.Js.2016.njsproj", "{DE96AB1D-01E4-47D5-8A92-F091B9130C75}"
EndProject
Project("{9092AA53-FB77-4645-B42D-1CCCA6BD08BD}") = "FakeXrmEasy.Js", "FakeXrmEasy.Js\FakeXrmEasy.Js.njsproj", "{B4C904A8-DA48-4B2E-9A9F-E3A310868CA9}"
EndProject
Project("{9092AA53-FB77-4645-B42D-1CCCA6BD08BD}") = "FakeXrmEasy.Js.2013", "FakeXrmEasy.Js.2013\FakeXrmEasy.Js.2013.njsproj", "{C90B855B-989F-4FA1-82A9-95F107143D33}"
EndProject
Project("{9092AA53-FB77-4645-B42D-1CCCA6BD08BD}") = "FakeXrmEasy.Js.2015", "FakeXrmEasy.Js.2015\FakeXrmEasy.Js.2015.njsproj", "{C8FD04B7-F8F7-4D6B-A73E-8372DD50F93E}"
EndProject
Project("{FAE04EC0-301F-11D3-BF4B-00C04F79EFBC}") = "WebResources", "WebResources\WebResources.csproj", "{68670149-40FE-4EA9-A624-572B2C595F69}"
EndProject
Project("{FAE04EC0-301F-11D3-BF4B-00C04F79EFBC}") = "EdgeProxy", "EdgeProxy\EdgeProxy.csproj", "{295593E8-C5FF-43FE-9A2F-B7F39D7CF61D}"
EndProject
Project("{2150E333-8FDC-42A3-9474-1A3956D46DE8}") = "Solution Items", "Solution Items", "{5F94EA5E-7F26-4776-BCD9-311C79281756}"
	ProjectSection(SolutionItems) = preProject
		README.md = README.md
	EndProjectSection
EndProject
Global
	GlobalSection(SolutionConfigurationPlatforms) = preSolution
		Debug|Any CPU = Debug|Any CPU
		Release|Any CPU = Release|Any CPU
	EndGlobalSection
	GlobalSection(ProjectConfigurationPlatforms) = postSolution
		{DE96AB1D-01E4-47D5-8A92-F091B9130C75}.Debug|Any CPU.ActiveCfg = Debug|Any CPU
		{DE96AB1D-01E4-47D5-8A92-F091B9130C75}.Debug|Any CPU.Build.0 = Debug|Any CPU
		{DE96AB1D-01E4-47D5-8A92-F091B9130C75}.Release|Any CPU.ActiveCfg = Release|Any CPU
		{DE96AB1D-01E4-47D5-8A92-F091B9130C75}.Release|Any CPU.Build.0 = Release|Any CPU
		{B4C904A8-DA48-4B2E-9A9F-E3A310868CA9}.Debug|Any CPU.ActiveCfg = Debug|Any CPU
		{B4C904A8-DA48-4B2E-9A9F-E3A310868CA9}.Debug|Any CPU.Build.0 = Debug|Any CPU
		{B4C904A8-DA48-4B2E-9A9F-E3A310868CA9}.Release|Any CPU.ActiveCfg = Release|Any CPU
		{B4C904A8-DA48-4B2E-9A9F-E3A310868CA9}.Release|Any CPU.Build.0 = Release|Any CPU
		{C90B855B-989F-4FA1-82A9-95F107143D33}.Debug|Any CPU.ActiveCfg = Debug|Any CPU
		{C90B855B-989F-4FA1-82A9-95F107143D33}.Debug|Any CPU.Build.0 = Debug|Any CPU
		{C90B855B-989F-4FA1-82A9-95F107143D33}.Release|Any CPU.ActiveCfg = Release|Any CPU
		{C90B855B-989F-4FA1-82A9-95F107143D33}.Release|Any CPU.Build.0 = Release|Any CPU
		{C8FD04B7-F8F7-4D6B-A73E-8372DD50F93E}.Debug|Any CPU.ActiveCfg = Debug|Any CPU
		{C8FD04B7-F8F7-4D6B-A73E-8372DD50F93E}.Debug|Any CPU.Build.0 = Debug|Any CPU
		{C8FD04B7-F8F7-4D6B-A73E-8372DD50F93E}.Release|Any CPU.ActiveCfg = Release|Any CPU
		{C8FD04B7-F8F7-4D6B-A73E-8372DD50F93E}.Release|Any CPU.Build.0 = Release|Any CPU
		{68670149-40FE-4EA9-A624-572B2C595F69}.Debug|Any CPU.ActiveCfg = Debug|Any CPU
		{68670149-40FE-4EA9-A624-572B2C595F69}.Debug|Any CPU.Build.0 = Debug|Any CPU
		{68670149-40FE-4EA9-A624-572B2C595F69}.Release|Any CPU.ActiveCfg = Release|Any CPU
		{68670149-40FE-4EA9-A624-572B2C595F69}.Release|Any CPU.Build.0 = Release|Any CPU
		{295593E8-C5FF-43FE-9A2F-B7F39D7CF61D}.Debug|Any CPU.ActiveCfg = Debug|Any CPU
		{295593E8-C5FF-43FE-9A2F-B7F39D7CF61D}.Debug|Any CPU.Build.0 = Debug|Any CPU
		{295593E8-C5FF-43FE-9A2F-B7F39D7CF61D}.Release|Any CPU.ActiveCfg = Release|Any CPU
		{295593E8-C5FF-43FE-9A2F-B7F39D7CF61D}.Release|Any CPU.Build.0 = Release|Any CPU
	EndGlobalSection
	GlobalSection(SolutionProperties) = preSolution
		HideSolutionNode = FALSE
	EndGlobalSection
EndGlobal
